
Microsoft Visual Studio Solution File, Format Version 12.00
# Visual Studio Version 17
VisualStudioVersion = 17.0.32112.339
MinimumVisualStudioVersion = 10.0.40219.1
Project("{9A19103F-16F7-4668-BE54-9A1E7A4F7556}") = "PrimeNumberGenerator", "PrimeNumberGenerator\PrimeNumberGenerator.csproj", "{79B0E2F7-D09E-44F8-A2A9-E8C787367539}"
EndProject
Project("{9A19103F-16F7-4668-BE54-9A1E7A4F7556}") = "RandomPrime", "RandomPrime\RandomPrime.csproj", "{C095C224-09E6-4F6C-A98D-239AC0BF0ABC}"
EndProject
Global
	GlobalSection(SolutionConfigurationPlatforms) = preSolution
		Debug|Any CPU = Debug|Any CPU
		Release|Any CPU = Release|Any CPU
	EndGlobalSection
	GlobalSection(ProjectConfigurationPlatforms) = postSolution
		{79B0E2F7-D09E-44F8-A2A9-E8C787367539}.Debug|Any CPU.ActiveCfg = Debug|Any CPU
		{79B0E2F7-D09E-44F8-A2A9-E8C787367539}.Debug|Any CPU.Build.0 = Debug|Any CPU
		{79B0E2F7-D09E-44F8-A2A9-E8C787367539}.Release|Any CPU.ActiveCfg = Release|Any CPU
		{79B0E2F7-D09E-44F8-A2A9-E8C787367539}.Release|Any CPU.Build.0 = Release|Any CPU
		{C095C224-09E6-4F6C-A98D-239AC0BF0ABC}.Debug|Any CPU.ActiveCfg = Debug|Any CPU
		{C095C224-09E6-4F6C-A98D-239AC0BF0ABC}.Debug|Any CPU.Build.0 = Debug|Any CPU
		{C095C224-09E6-4F6C-A98D-239AC0BF0ABC}.Release|Any CPU.ActiveCfg = Release|Any CPU
		{C095C224-09E6-4F6C-A98D-239AC0BF0ABC}.Release|Any CPU.Build.0 = Release|Any CPU
	EndGlobalSection
	GlobalSection(SolutionProperties) = preSolution
		HideSolutionNode = FALSE
	EndGlobalSection
	GlobalSection(ExtensibilityGlobals) = postSolution
		SolutionGuid = {4091E54E-7CBF-47FB-9A32-214E5F1BF69D}
	EndGlobalSection
EndGlobal
